
Microsoft Visual Studio Solution File, Format Version 12.00
# Visual Studio 15
VisualStudioVersion = 15.0.36217.24
MinimumVisualStudioVersion = 10.0.40219.1
Project("{FAE04EC0-301F-11D3-BF4B-00C04F79EFBC}") = "UniversalSend", "UniversalSend\UniversalSend.csproj", "{4A991C0A-21A5-48DA-8D39-5FD815DDD3FD}"
EndProject
Project("{FAE04EC0-301F-11D3-BF4B-00C04F79EFBC}") = "UniversalSend.Models", "UniversalSend.Models\UniversalSend.Models.csproj", "{271DDFD9-C2E7-47DA-A0DD-6D8553987DF6}"
EndProject
Project("{FAE04EC0-301F-11D3-BF4B-00C04F79EFBC}") = "UniversalSend.Services", "UniversalSend.Services\UniversalSend.Services.csproj", "{54010D9B-40F6-455C-A1F7-2F295A128FA0}"
EndProject
Global
	GlobalSection(SolutionConfigurationPlatforms) = preSolution
		Debug|ARM = Debug|ARM
		Debug|ARM64 = Debug|ARM64
		Debug|x64 = Debug|x64
		Debug|x86 = Debug|x86
		Release|ARM = Release|ARM
		Release|ARM64 = Release|ARM64
		Release|x64 = Release|x64
		Release|x86 = Release|x86
	EndGlobalSection
	GlobalSection(ProjectConfigurationPlatforms) = postSolution
		{4A991C0A-21A5-48DA-8D39-5FD815DDD3FD}.Debug|ARM.ActiveCfg = Debug|ARM
		{4A991C0A-21A5-48DA-8D39-5FD815DDD3FD}.Debug|ARM.Build.0 = Debug|ARM
		{4A991C0A-21A5-48DA-8D39-5FD815DDD3FD}.Debug|ARM.Deploy.0 = Debug|ARM
		{4A991C0A-21A5-48DA-8D39-5FD815DDD3FD}.Debug|ARM64.ActiveCfg = Debug|ARM64
		{4A991C0A-21A5-48DA-8D39-5FD815DDD3FD}.Debug|ARM64.Build.0 = Debug|ARM64
		{4A991C0A-21A5-48DA-8D39-5FD815DDD3FD}.Debug|ARM64.Deploy.0 = Debug|ARM64
		{4A991C0A-21A5-48DA-8D39-5FD815DDD3FD}.Debug|x64.ActiveCfg = Debug|x64
		{4A991C0A-21A5-48DA-8D39-5FD815DDD3FD}.Debug|x64.Build.0 = Debug|x64
		{4A991C0A-21A5-48DA-8D39-5FD815DDD3FD}.Debug|x64.Deploy.0 = Debug|x64
		{4A991C0A-21A5-48DA-8D39-5FD815DDD3FD}.Debug|x86.ActiveCfg = Debug|x86
		{4A991C0A-21A5-48DA-8D39-5FD815DDD3FD}.Debug|x86.Build.0 = Debug|x86
		{4A991C0A-21A5-48DA-8D39-5FD815DDD3FD}.Debug|x86.Deploy.0 = Debug|x86
		{4A991C0A-21A5-48DA-8D39-5FD815DDD3FD}.Release|ARM.ActiveCfg = Release|ARM
		{4A991C0A-21A5-48DA-8D39-5FD815DDD3FD}.Release|ARM.Build.0 = Release|ARM
		{4A991C0A-21A5-48DA-8D39-5FD815DDD3FD}.Release|ARM.Deploy.0 = Release|ARM
		{4A991C0A-21A5-48DA-8D39-5FD815DDD3FD}.Release|ARM64.ActiveCfg = Release|ARM64
		{4A991C0A-21A5-48DA-8D39-5FD815DDD3FD}.Release|ARM64.Build.0 = Release|ARM64
		{4A991C0A-21A5-48DA-8D39-5FD815DDD3FD}.Release|ARM64.Deploy.0 = Release|ARM64
		{4A991C0A-21A5-48DA-8D39-5FD815DDD3FD}.Release|x64.ActiveCfg = Release|x64
		{4A991C0A-21A5-48DA-8D39-5FD815DDD3FD}.Release|x64.Build.0 = Release|x64
		{4A991C0A-21A5-48DA-8D39-5FD815DDD3FD}.Release|x64.Deploy.0 = Release|x64
		{4A991C0A-21A5-48DA-8D39-5FD815DDD3FD}.Release|x86.ActiveCfg = Release|x86
		{4A991C0A-21A5-48DA-8D39-5FD815DDD3FD}.Release|x86.Build.0 = Release|x86
		{4A991C0A-21A5-48DA-8D39-5FD815DDD3FD}.Release|x86.Deploy.0 = Release|x86
		{271DDFD9-C2E7-47DA-A0DD-6D8553987DF6}.Debug|ARM.ActiveCfg = Debug|ARM
		{271DDFD9-C2E7-47DA-A0DD-6D8553987DF6}.Debug|ARM.Build.0 = Debug|ARM
		{271DDFD9-C2E7-47DA-A0DD-6D8553987DF6}.Debug|ARM64.ActiveCfg = Debug|ARM64
		{271DDFD9-C2E7-47DA-A0DD-6D8553987DF6}.Debug|ARM64.Build.0 = Debug|ARM64
		{271DDFD9-C2E7-47DA-A0DD-6D8553987DF6}.Debug|x64.ActiveCfg = Debug|x64
		{271DDFD9-C2E7-47DA-A0DD-6D8553987DF6}.Debug|x64.Build.0 = Debug|x64
		{271DDFD9-C2E7-47DA-A0DD-6D8553987DF6}.Debug|x86.ActiveCfg = Debug|x86
		{271DDFD9-C2E7-47DA-A0DD-6D8553987DF6}.Debug|x86.Build.0 = Debug|x86
		{271DDFD9-C2E7-47DA-A0DD-6D8553987DF6}.Release|ARM.ActiveCfg = Release|ARM
		{271DDFD9-C2E7-47DA-A0DD-6D8553987DF6}.Release|ARM.Build.0 = Release|ARM
		{271DDFD9-C2E7-47DA-A0DD-6D8553987DF6}.Release|ARM64.ActiveCfg = Release|ARM64
		{271DDFD9-C2E7-47DA-A0DD-6D8553987DF6}.Release|ARM64.Build.0 = Release|ARM64
		{271DDFD9-C2E7-47DA-A0DD-6D8553987DF6}.Release|x64.ActiveCfg = Release|x64
		{271DDFD9-C2E7-47DA-A0DD-6D8553987DF6}.Release|x64.Build.0 = Release|x64
		{271DDFD9-C2E7-47DA-A0DD-6D8553987DF6}.Release|x86.ActiveCfg = Release|x86
		{271DDFD9-C2E7-47DA-A0DD-6D8553987DF6}.Release|x86.Build.0 = Release|x86
		{54010D9B-40F6-455C-A1F7-2F295A128FA0}.Debug|ARM.ActiveCfg = Debug|ARM
		{54010D9B-40F6-455C-A1F7-2F295A128FA0}.Debug|ARM.Build.0 = Debug|ARM
		{54010D9B-40F6-455C-A1F7-2F295A128FA0}.Debug|ARM64.ActiveCfg = Debug|ARM64
		{54010D9B-40F6-455C-A1F7-2F295A128FA0}.Debug|ARM64.Build.0 = Debug|ARM64
		{54010D9B-40F6-455C-A1F7-2F295A128FA0}.Debug|x64.ActiveCfg = Debug|x64
		{54010D9B-40F6-455C-A1F7-2F295A128FA0}.Debug|x64.Build.0 = Debug|x64
		{54010D9B-40F6-455C-A1F7-2F295A128FA0}.Debug|x86.ActiveCfg = Debug|x86
		{54010D9B-40F6-455C-A1F7-2F295A128FA0}.Debug|x86.Build.0 = Debug|x86
		{54010D9B-40F6-455C-A1F7-2F295A128FA0}.Release|ARM.ActiveCfg = Release|ARM
		{54010D9B-40F6-455C-A1F7-2F295A128FA0}.Release|ARM.Build.0 = Release|ARM
		{54010D9B-40F6-455C-A1F7-2F295A128FA0}.Release|ARM64.ActiveCfg = Release|ARM64
		{54010D9B-40F6-455C-A1F7-2F295A128FA0}.Release|ARM64.Build.0 = Release|ARM64
		{54010D9B-40F6-455C-A1F7-2F295A128FA0}.Release|x64.ActiveCfg = Release|x64
		{54010D9B-40F6-455C-A1F7-2F295A128FA0}.Release|x64.Build.0 = Release|x64
		{54010D9B-40F6-455C-A1F7-2F295A128FA0}.Release|x86.ActiveCfg = Release|x86
		{54010D9B-40F6-455C-A1F7-2F295A128FA0}.Release|x86.Build.0 = Release|x86
	EndGlobalSection
	GlobalSection(SolutionProperties) = preSolution
		HideSolutionNode = FALSE
	EndGlobalSection
	GlobalSection(ExtensibilityGlobals) = postSolution
		SolutionGuid = {B8E59338-1731-4DE2-8432-64C8D391EF81}
	EndGlobalSection
EndGlobal
